
Microsoft Visual Studio Solution File, Format Version 12.00
# Visual Studio Version 17
VisualStudioVersion = 17.8.34511.84
MinimumVisualStudioVersion = 10.0.40219.1
Project("{FAE04EC0-301F-11D3-BF4B-00C04F79EFBC}") = "Examen programacion 2T", "Examen programacion 2T.csproj", "{91F386AD-6D20-41C6-9AFE-FE9242293EAE}"
EndProject
Global
	GlobalSection(SolutionConfigurationPlatforms) = preSolution
		Debug|Any CPU = Debug|Any CPU
		Release|Any CPU = Release|Any CPU
	EndGlobalSection
	GlobalSection(ProjectConfigurationPlatforms) = postSolution
		{91F386AD-6D20-41C6-9AFE-FE9242293EAE}.Debug|Any CPU.ActiveCfg = Debug|Any CPU
		{91F386AD-6D20-41C6-9AFE-FE9242293EAE}.Debug|Any CPU.Build.0 = Debug|Any CPU
		{91F386AD-6D20-41C6-9AFE-FE9242293EAE}.Release|Any CPU.ActiveCfg = Release|Any CPU
		{91F386AD-6D20-41C6-9AFE-FE9242293EAE}.Release|Any CPU.Build.0 = Release|Any CPU
	EndGlobalSection
	GlobalSection(SolutionProperties) = preSolution
		HideSolutionNode = FALSE
	EndGlobalSection
	GlobalSection(ExtensibilityGlobals) = postSolution
		SolutionGuid = {D0CEAC78-1E9B-406F-A7FB-2CD92D634DDF}
	EndGlobalSection
EndGlobal
